
Microsoft Visual Studio Solution File, Format Version 12.00
# Visual Studio Version 17
VisualStudioVersion = 17.0.31903.59
MinimumVisualStudioVersion = 10.0.40219.1
Project("{FAE04EC0-301F-11D3-BF4B-00C04F79EFBC}") = "ArcConsistency3.Tests", "ArcConsistency3.Tests\ArcConsistency3.Tests.csproj", "{03E33204-AE99-4B7A-9073-130F778F5952}"
EndProject
Project("{FAE04EC0-301F-11D3-BF4B-00C04F79EFBC}") = "ArcConsistency3", "ArcConsistency3\ArcConsistency3.csproj", "{8922CDAB-3537-42C9-815D-9B48CA38EBEA}"
EndProject
Global
	GlobalSection(SolutionConfigurationPlatforms) = preSolution
		Debug|Any CPU = Debug|Any CPU
		Release|Any CPU = Release|Any CPU
	EndGlobalSection
	GlobalSection(SolutionProperties) = preSolution
		HideSolutionNode = FALSE
	EndGlobalSection
	GlobalSection(ProjectConfigurationPlatforms) = postSolution
		{03E33204-AE99-4B7A-9073-130F778F5952}.Debug|Any CPU.ActiveCfg = Debug|Any CPU
		{03E33204-AE99-4B7A-9073-130F778F5952}.Debug|Any CPU.Build.0 = Debug|Any CPU
		{03E33204-AE99-4B7A-9073-130F778F5952}.Release|Any CPU.ActiveCfg = Release|Any CPU
		{03E33204-AE99-4B7A-9073-130F778F5952}.Release|Any CPU.Build.0 = Release|Any CPU
		{8922CDAB-3537-42C9-815D-9B48CA38EBEA}.Debug|Any CPU.ActiveCfg = Debug|Any CPU
		{8922CDAB-3537-42C9-815D-9B48CA38EBEA}.Debug|Any CPU.Build.0 = Debug|Any CPU
		{8922CDAB-3537-42C9-815D-9B48CA38EBEA}.Release|Any CPU.ActiveCfg = Release|Any CPU
		{8922CDAB-3537-42C9-815D-9B48CA38EBEA}.Release|Any CPU.Build.0 = Release|Any CPU
	EndGlobalSection
EndGlobal
